
Microsoft Visual Studio Solution File, Format Version 10.00
# Visual Studio 2008
Project("{8BC9CEB8-8B4A-11D0-8D11-00A0C91BC942}") = "PrintRC", "PrintRC.vcproj", "{1EE5848F-782D-4658-9841-ADB2CDF9C394}"
    ProjectSection(ProjectDependencies) = postProject
        {4F15A79F-C30E-4C43-93CA-815EDADB4249} = {4F15A79F-C30E-4C43-93CA-815EDADB4249}
    EndProjectSection
EndProject
Project("{8BC9CEB8-8B4A-11D0-8D11-00A0C91BC942}") = "SerialCommunication", "..\SerialComms.vcproj", "{4F15A79F-C30E-4C43-93CA-815EDADB4249}"
EndProject
Global
    GlobalSection(SolutionConfigurationPlatforms) = preSolution
        Debug|Win32 = Debug|Win32
        Release|Win32 = Release|Win32
    EndGlobalSection
    GlobalSection(ProjectConfigurationPlatforms) = postSolution
        {1EE5848F-782D-4658-9841-ADB2CDF9C394}.Debug|Win32.ActiveCfg = Debug|Win32
        {1EE5848F-782D-4658-9841-ADB2CDF9C394}.Debug|Win32.Build.0 = Debug|Win32
        {1EE5848F-782D-4658-9841-ADB2CDF9C394}.Release|Win32.ActiveCfg = Release|Win32
        {1EE5848F-782D-4658-9841-ADB2CDF9C394}.Release|Win32.Build.0 = Release|Win32
        {4F15A79F-C30E-4C43-93CA-815EDADB4249}.Debug|Win32.ActiveCfg = Debug|Win32
        {4F15A79F-C30E-4C43-93CA-815EDADB4249}.Debug|Win32.Build.0 = Debug|Win32
        {4F15A79F-C30E-4C43-93CA-815EDADB4249}.Release|Win32.ActiveCfg = Release|Win32
        {4F15A79F-C30E-4C43-93CA-815EDADB4249}.Release|Win32.Build.0 = Release|Win32
    EndGlobalSection
    GlobalSection(SolutionProperties) = preSolution
        HideSolutionNode = FALSE
    EndGlobalSection
EndGlobal
